// !$*UTF8*$!
{
	archiveVersion = 1;
	classes = {
	};
	objectVersion = 56;
	objects = {

/* Begin PBXBuildFile section */
		09709CB72B14F392007D6441 /* meditation_2.mp3 in Resources */ = {isa = PBXBuildFile; fileRef = 09709CB42B14F392007D6441 /* meditation_2.mp3 */; };
		09709CB82B14F392007D6441 /* meditation_3.mp3 in Resources */ = {isa = PBXBuildFile; fileRef = 09709CB52B14F392007D6441 /* meditation_3.mp3 */; };
		09709CB92B14F392007D6441 /* meditation_4.mp3 in Resources */ = {isa = PBXBuildFile; fileRef = 09709CB62B14F392007D6441 /* meditation_4.mp3 */; };
		097A2A132B1442FE00495BAD /* MeditationApp.swift in Sources */ = {isa = PBXBuildFile; fileRef = 097A2A122B1442FE00495BAD /* MeditationApp.swift */; };
		097A2A152B1442FE00495BAD /* ContentView.swift in Sources */ = {isa = PBXBuildFile; fileRef = 097A2A142B1442FE00495BAD /* ContentView.swift */; };
		097A2A172B14430000495BAD /* Assets.xcassets in Resources */ = {isa = PBXBuildFile; fileRef = 097A2A162B14430000495BAD /* Assets.xcassets */; };
		097A2A1A2B14430000495BAD /* Preview Assets.xcassets in Resources */ = {isa = PBXBuildFile; fileRef = 097A2A192B14430000495BAD /* Preview Assets.xcassets */; };
		097A2A232B14444400495BAD /* MeditationView.swift in Sources */ = {isa = PBXBuildFile; fileRef = 097A2A222B14444400495BAD /* MeditationView.swift */; };
		097A2A252B14484F00495BAD /* PlayerView.swift in Sources */ = {isa = PBXBuildFile; fileRef = 097A2A242B14484F00495BAD /* PlayerView.swift */; };
		097A2A272B144E1800495BAD /* PlaybackControlButton.swift in Sources */ = {isa = PBXBuildFile; fileRef = 097A2A262B144E1800495BAD /* PlaybackControlButton.swift */; };
		097A2A292B1451C400495BAD /* MeditationViewModel.swift in Sources */ = {isa = PBXBuildFile; fileRef = 097A2A282B1451C400495BAD /* MeditationViewModel.swift */; };
		097A2A2D2B14540300495BAD /* Extensions.swift in Sources */ = {isa = PBXBuildFile; fileRef = 097A2A2C2B14540300495BAD /* Extensions.swift */; };
		097A2A2F2B145C5700495BAD /* AudioManager.swift in Sources */ = {isa = PBXBuildFile; fileRef = 097A2A2E2B145C5700495BAD /* AudioManager.swift */; };
		097A2A312B14612C00495BAD /* meditation_1.mp3 in Resources */ = {isa = PBXBuildFile; fileRef = 097A2A302B14612C00495BAD /* meditation_1.mp3 */; };
/* End PBXBuildFile section */

/* Begin PBXFileReference section */
		09709CB42B14F392007D6441 /* meditation_2.mp3 */ = {isa = PBXFileReference; lastKnownFileType = audio.mp3; path = meditation_2.mp3; sourceTree = "<group>"; };
		09709CB52B14F392007D6441 /* meditation_3.mp3 */ = {isa = PBXFileReference; lastKnownFileType = audio.mp3; path = meditation_3.mp3; sourceTree = "<group>"; };
		09709CB62B14F392007D6441 /* meditation_4.mp3 */ = {isa = PBXFileReference; lastKnownFileType = audio.mp3; path = meditation_4.mp3; sourceTree = "<group>"; };
		097A2A0F2B1442FE00495BAD /* Meditation.app */ = {isa = PBXFileReference; explicitFileType = wrapper.application; includeInIndex = 0; path = Meditation.app; sourceTree = BUILT_PRODUCTS_DIR; };
		097A2A122B1442FE00495BAD /* MeditationApp.swift */ = {isa = PBXFileReference; lastKnownFileType = sourcecode.swift; path = MeditationApp.swift; sourceTree = "<group>"; };
		097A2A142B1442FE00495BAD /* ContentView.swift */ = {isa = PBXFileReference; lastKnownFileType = sourcecode.swift; path = ContentView.swift; sourceTree = "<group>"; };
		097A2A162B14430000495BAD /* Assets.xcassets */ = {isa = PBXFileReference; lastKnownFileType = folder.assetcatalog; path = Assets.xcassets; sourceTree = "<group>"; };
		097A2A192B14430000495BAD /* Preview Assets.xcassets */ = {isa = PBXFileReference; lastKnownFileType = folder.assetcatalog; path = "Preview Assets.xcassets"; sourceTree = "<group>"; };
		097A2A222B14444400495BAD /* MeditationView.swift */ = {isa = PBXFileReference; lastKnownFileType = sourcecode.swift; path = MeditationView.swift; sourceTree = "<group>"; };
		097A2A242B14484F00495BAD /* PlayerView.swift */ = {isa = PBXFileReference; lastKnownFileType = sourcecode.swift; path = PlayerView.swift; sourceTree = "<group>"; };
		097A2A262B144E1800495BAD /* PlaybackControlButton.swift */ = {isa = PBXFileReference; lastKnownFileType = sourcecode.swift; path = PlaybackControlButton.swift; sourceTree = "<group>"; };
		097A2A282B1451C400495BAD /* MeditationViewModel.swift */ = {isa = PBXFileReference; lastKnownFileType = sourcecode.swift; path = MeditationViewModel.swift; sourceTree = "<group>"; };
		097A2A2C2B14540300495BAD /* Extensions.swift */ = {isa = PBXFileReference; lastKnownFileType = sourcecode.swift; path = Extensions.swift; sourceTree = "<group>"; };
		097A2A2E2B145C5700495BAD /* AudioManager.swift */ = {isa = PBXFileReference; lastKnownFileType = sourcecode.swift; path = AudioManager.swift; sourceTree = "<group>"; };
		097A2A302B14612C00495BAD /* meditation_1.mp3 */ = {isa = PBXFileReference; lastKnownFileType = audio.mp3; path = meditation_1.mp3; sourceTree = "<group>"; };
		097A2A322B14619300495BAD /* Info.plist */ = {isa = PBXFileReference; lastKnownFileType = text.plist; path = Info.plist; sourceTree = "<group>"; };
/* End PBXFileReference section */

/* Begin PBXFrameworksBuildPhase section */
		097A2A0C2B1442FE00495BAD /* Frameworks */ = {
			isa = PBXFrameworksBuildPhase;
			buildActionMask = 2147483647;
			files = (
			);
			runOnlyForDeploymentPostprocessing = 0;
		};
/* End PBXFrameworksBuildPhase section */

/* Begin PBXGroup section */
		097A2A062B1442FE00495BAD = {
			isa = PBXGroup;
			children = (
				097A2A112B1442FE00495BAD /* Meditation */,
				097A2A102B1442FE00495BAD /* Products */,
			);
			sourceTree = "<group>";
		};
		097A2A102B1442FE00495BAD /* Products */ = {
			isa = PBXGroup;
			children = (
				097A2A0F2B1442FE00495BAD /* Meditation.app */,
			);
			name = Products;
			sourceTree = "<group>";
		};
		097A2A112B1442FE00495BAD /* Meditation */ = {
			isa = PBXGroup;
			children = (
				097A2A322B14619300495BAD /* Info.plist */,
				097A2A122B1442FE00495BAD /* MeditationApp.swift */,
				097A2A2C2B14540300495BAD /* Extensions.swift */,
				097A2A2B2B14528100495BAD /* View */,
				097A2A2A2B14526900495BAD /* ViewModel */,
				097A2A162B14430000495BAD /* Assets.xcassets */,
				097A2A302B14612C00495BAD /* meditation_1.mp3 */,
				09709CB42B14F392007D6441 /* meditation_2.mp3 */,
				09709CB52B14F392007D6441 /* meditation_3.mp3 */,
				09709CB62B14F392007D6441 /* meditation_4.mp3 */,
				097A2A182B14430000495BAD /* Preview Content */,
			);
			path = Meditation;
			sourceTree = "<group>";
		};
		097A2A182B14430000495BAD /* Preview Content */ = {
			isa = PBXGroup;
			children = (
				097A2A192B14430000495BAD /* Preview Assets.xcassets */,
			);
			path = "Preview Content";
			sourceTree = "<group>";
		};
		097A2A2A2B14526900495BAD /* ViewModel */ = {
			isa = PBXGroup;
			children = (
				097A2A282B1451C400495BAD /* MeditationViewModel.swift */,
				097A2A2E2B145C5700495BAD /* AudioManager.swift */,
			);
			path = ViewModel;
			sourceTree = "<group>";
		};
		097A2A2B2B14528100495BAD /* View */ = {
			isa = PBXGroup;
			children = (
				097A2A142B1442FE00495BAD /* ContentView.swift */,
				097A2A222B14444400495BAD /* MeditationView.swift */,
				097A2A242B14484F00495BAD /* PlayerView.swift */,
				097A2A262B144E1800495BAD /* PlaybackControlButton.swift */,
			);
			path = View;
			sourceTree = "<group>";
		};
/* End PBXGroup section */

/* Begin PBXNativeTarget section */
		097A2A0E2B1442FE00495BAD /* Meditation */ = {
			isa = PBXNativeTarget;
			buildConfigurationList = 097A2A1D2B14430000495BAD /* Build configuration list for PBXNativeTarget "Meditation" */;
			buildPhases = (
				097A2A0B2B1442FE00495BAD /* Sources */,
				097A2A0C2B1442FE00495BAD /* Frameworks */,
				097A2A0D2B1442FE00495BAD /* Resources */,
			);
			buildRules = (
			);
			dependencies = (
			);
			name = Meditation;
			productName = Meditation;
			productReference = 097A2A0F2B1442FE00495BAD /* Meditation.app */;
			productType = "com.apple.product-type.application";
		};
/* End PBXNativeTarget section */

/* Begin PBXProject section */
		097A2A072B1442FE00495BAD /* Project object */ = {
			isa = PBXProject;
			attributes = {
				BuildIndependentTargetsInParallel = 1;
				LastSwiftUpdateCheck = 1430;
				LastUpgradeCheck = 1430;
				TargetAttributes = {
					097A2A0E2B1442FE00495BAD = {
						CreatedOnToolsVersion = 14.3.1;
					};
				};
			};
			buildConfigurationList = 097A2A0A2B1442FE00495BAD /* Build configuration list for PBXProject "Meditation" */;
			compatibilityVersion = "Xcode 14.0";
			developmentRegion = en;
			hasScannedForEncodings = 0;
			knownRegions = (
				en,
				Base,
			);
			mainGroup = 097A2A062B1442FE00495BAD;
			productRefGroup = 097A2A102B1442FE00495BAD /* Products */;
			projectDirPath = "";
			projectRoot = "";
			targets = (
				097A2A0E2B1442FE00495BAD /* Meditation */,
			);
		};
/* End PBXProject section */

/* Begin PBXResourcesBuildPhase section */
		097A2A0D2B1442FE00495BAD /* Resources */ = {
			isa = PBXResourcesBuildPhase;
			buildActionMask = 2147483647;
			files = (
				097A2A1A2B14430000495BAD /* Preview Assets.xcassets in Resources */,
				09709CB72B14F392007D6441 /* meditation_2.mp3 in Resources */,
				097A2A172B14430000495BAD /* Assets.xcassets in Resources */,
				097A2A312B14612C00495BAD /* meditation_1.mp3 in Resources */,
				09709CB82B14F392007D6441 /* meditation_3.mp3 in Resources */,
				09709CB92B14F392007D6441 /* meditation_4.mp3 in Resources */,
			);
			runOnlyForDeploymentPostprocessing = 0;
		};
/* End PBXResourcesBuildPhase section */

/* Begin PBXSourcesBuildPhase section */
		097A2A0B2B1442FE00495BAD /* Sources */ = {
			isa = PBXSourcesBuildPhase;
			buildActionMask = 2147483647;
			files = (
				097A2A152B1442FE00495BAD /* ContentView.swift in Sources */,
				097A2A232B14444400495BAD /* MeditationView.swift in Sources */,
				097A2A2F2B145C5700495BAD /* AudioManager.swift in Sources */,
				097A2A272B144E1800495BAD /* PlaybackControlButton.swift in Sources */,
				097A2A132B1442FE00495BAD /* MeditationApp.swift in Sources */,
				097A2A292B1451C400495BAD /* MeditationViewModel.swift in Sources */,
				097A2A252B14484F00495BAD /* PlayerView.swift in Sources */,
				097A2A2D2B14540300495BAD /* Extensions.swift in Sources */,
			);
			runOnlyForDeploymentPostprocessing = 0;
		};
/* End PBXSourcesBuildPhase section */

/* Begin XCBuildConfiguration section */
		097A2A1B2B14430000495BAD /* Debug */ = {
			isa = XCBuildConfiguration;
			buildSettings = {
				ALWAYS_SEARCH_USER_PATHS = NO;
				CLANG_ANALYZER_NONNULL = YES;
				CLANG_ANALYZER_NUMBER_OBJECT_CONVERSION = YES_AGGRESSIVE;
				CLANG_CXX_LANGUAGE_STANDARD = "gnu++20";
				CLANG_ENABLE_MODULES = YES;
				CLANG_ENABLE_OBJC_ARC = YES;
				CLANG_ENABLE_OBJC_WEAK = YES;
				CLANG_WARN_BLOCK_CAPTURE_AUTORELEASING = YES;
				CLANG_WARN_BOOL_CONVERSION = YES;
				CLANG_WARN_COMMA = YES;
				CLANG_WARN_CONSTANT_CONVERSION = YES;
				CLANG_WARN_DEPRECATED_OBJC_IMPLEMENTATIONS = YES;
				CLANG_WARN_DIRECT_OBJC_ISA_USAGE = YES_ERROR;
				CLANG_WARN_DOCUMENTATION_COMMENTS = YES;
				CLANG_WARN_EMPTY_BODY = YES;
				CLANG_WARN_ENUM_CONVERSION = YES;
				CLANG_WARN_INFINITE_RECURSION = YES;
				CLANG_WARN_INT_CONVERSION = YES;
				CLANG_WARN_NON_LITERAL_NULL_CONVERSION = YES;
				CLANG_WARN_OBJC_IMPLICIT_RETAIN_SELF = YES;
				CLANG_WARN_OBJC_LITERAL_CONVERSION = YES;
				CLANG_WARN_OBJC_ROOT_CLASS = YES_ERROR;
				CLANG_WARN_QUOTED_INCLUDE_IN_FRAMEWORK_HEADER = YES;
				CLANG_WARN_RANGE_LOOP_ANALYSIS = YES;
				CLANG_WARN_STRICT_PROTOTYPES = YES;
				CLANG_WARN_SUSPICIOUS_MOVE = YES;
				CLANG_WARN_UNGUARDED_AVAILABILITY = YES_AGGRESSIVE;
				CLANG_WARN_UNREACHABLE_CODE = YES;
				CLANG_WARN__DUPLICATE_METHOD_MATCH = YES;
				COPY_PHASE_STRIP = NO;
				DEBUG_INFORMATION_FORMAT = dwarf;
				ENABLE_STRICT_OBJC_MSGSEND = YES;
				ENABLE_TESTABILITY = YES;
				GCC_C_LANGUAGE_STANDARD = gnu11;
				GCC_DYNAMIC_NO_PIC = NO;
				GCC_NO_COMMON_BLOCKS = YES;
				GCC_OPTIMIZATION_LEVEL = 0;
				GCC_PREPROCESSOR_DEFINITIONS = (
					"DEBUG=1",
					"$(inherited)",
				);
				GCC_WARN_64_TO_32_BIT_CONVERSION = YES;
				GCC_WARN_ABOUT_RETURN_TYPE = YES_ERROR;
				GCC_WARN_UNDECLARED_SELECTOR = YES;
				GCC_WARN_UNINITIALIZED_AUTOS = YES_AGGRESSIVE;
				GCC_WARN_UNUSED_FUNCTION = YES;
				GCC_WARN_UNUSED_VARIABLE = YES;
				IPHONEOS_DEPLOYMENT_TARGET = 16.4;
				MTL_ENABLE_DEBUG_INFO = INCLUDE_SOURCE;
				MTL_FAST_MATH = YES;
				ONLY_ACTIVE_ARCH = YES;
				SDKROOT = iphoneos;
				SWIFT_ACTIVE_COMPILATION_CONDITIONS = DEBUG;
				SWIFT_OPTIMIZATION_LEVEL = "-Onone";
			};
			name = Debug;
		};
		097A2A1C2B14430000495BAD /* Release */ = {
			isa = XCBuildConfiguration;
			buildSettings = {
				ALWAYS_SEARCH_USER_PATHS = NO;
				CLANG_ANALYZER_NONNULL = YES;
				CLANG_ANALYZER_NUMBER_OBJECT_CONVERSION = YES_AGGRESSIVE;
				CLANG_CXX_LANGUAGE_STANDARD = "gnu++20";
				CLANG_ENABLE_MODULES = YES;
				CLANG_ENABLE_OBJC_ARC = YES;
				CLANG_ENABLE_OBJC_WEAK = YES;
				CLANG_WARN_BLOCK_CAPTURE_AUTORELEASING = YES;
				CLANG_WARN_BOOL_CONVERSION = YES;
				CLANG_WARN_COMMA = YES;
				CLANG_WARN_CONSTANT_CONVERSION = YES;
				CLANG_WARN_DEPRECATED_OBJC_IMPLEMENTATIONS = YES;
				CLANG_WARN_DIRECT_OBJC_ISA_USAGE = YES_ERROR;
				CLANG_WARN_DOCUMENTATION_COMMENTS = YES;
				CLANG_WARN_EMPTY_BODY = YES;
				CLANG_WARN_ENUM_CONVERSION = YES;
				CLANG_WARN_INFINITE_RECURSION = YES;
				CLANG_WARN_INT_CONVERSION = YES;
				CLANG_WARN_NON_LITERAL_NULL_CONVERSION = YES;
				CLANG_WARN_OBJC_IMPLICIT_RETAIN_SELF = YES;
				CLANG_WARN_OBJC_LITERAL_CONVERSION = YES;
				CLANG_WARN_OBJC_ROOT_CLASS = YES_ERROR;
				CLANG_WARN_QUOTED_INCLUDE_IN_FRAMEWORK_HEADER = YES;
				CLANG_WARN_RANGE_LOOP_ANALYSIS = YES;
				CLANG_WARN_STRICT_PROTOTYPES = YES;
				CLANG_WARN_SUSPICIOUS_MOVE = YES;
				CLANG_WARN_UNGUARDED_AVAILABILITY = YES_AGGRESSIVE;
				CLANG_WARN_UNREACHABLE_CODE = YES;
				CLANG_WARN__DUPLICATE_METHOD_MATCH = YES;
				COPY_PHASE_STRIP = NO;
				DEBUG_INFORMATION_FORMAT = "dwarf-with-dsym";
				ENABLE_NS_ASSERTIONS = NO;
				ENABLE_STRICT_OBJC_MSGSEND = YES;
				GCC_C_LANGUAGE_STANDARD = gnu11;
				GCC_NO_COMMON_BLOCKS = YES;
				GCC_WARN_64_TO_32_BIT_CONVERSION = YES;
				GCC_WARN_ABOUT_RETURN_TYPE = YES_ERROR;
				GCC_WARN_UNDECLARED_SELECTOR = YES;
				GCC_WARN_UNINITIALIZED_AUTOS = YES_AGGRESSIVE;
				GCC_WARN_UNUSED_FUNCTION = YES;
				GCC_WARN_UNUSED_VARIABLE = YES;
				IPHONEOS_DEPLOYMENT_TARGET = 16.4;
				MTL_ENABLE_DEBUG_INFO = NO;
				MTL_FAST_MATH = YES;
				SDKROOT = iphoneos;
				SWIFT_COMPILATION_MODE = wholemodule;
				SWIFT_OPTIMIZATION_LEVEL = "-O";
				VALIDATE_PRODUCT = YES;
			};
			name = Release;
		};
		097A2A1E2B14430000495BAD /* Debug */ = {
			isa = XCBuildConfiguration;
			buildSettings = {
				ASSETCATALOG_COMPILER_APPICON_NAME = AppIcon;
				ASSETCATALOG_COMPILER_GLOBAL_ACCENT_COLOR_NAME = AccentColor;
				CODE_SIGN_STYLE = Automatic;
				CURRENT_PROJECT_VERSION = 1;
				DEVELOPMENT_ASSET_PATHS = "\"Meditation/Preview Content\"";
				DEVELOPMENT_TEAM = BCGN9M6LM3;
				ENABLE_PREVIEWS = YES;
				GENERATE_INFOPLIST_FILE = YES;
				INFOPLIST_FILE = Meditation/Info.plist;
				INFOPLIST_KEY_UIApplicationSceneManifest_Generation = YES;
				INFOPLIST_KEY_UIApplicationSupportsIndirectInputEvents = YES;
				INFOPLIST_KEY_UILaunchScreen_Generation = YES;
				INFOPLIST_KEY_UISupportedInterfaceOrientations_iPad = "UIInterfaceOrientationPortrait UIInterfaceOrientationPortraitUpsideDown UIInterfaceOrientationLandscapeLeft UIInterfaceOrientationLandscapeRight";
				INFOPLIST_KEY_UISupportedInterfaceOrientations_iPhone = "UIInterfaceOrientationPortrait UIInterfaceOrientationLandscapeLeft UIInterfaceOrientationLandscapeRight";
				IPHONEOS_DEPLOYMENT_TARGET = 16.0;
				LD_RUNPATH_SEARCH_PATHS = (
					"$(inherited)",
					"@executable_path/Frameworks",
				);
				MARKETING_VERSION = 1.0;
				PRODUCT_BUNDLE_IDENTIFIER = com.thaolyngo.Meditation;
				PRODUCT_NAME = "$(TARGET_NAME)";
				SWIFT_EMIT_LOC_STRINGS = YES;
				SWIFT_VERSION = 5.0;
				TARGETED_DEVICE_FAMILY = "1,2";
			};
			name = Debug;
		};
		097A2A1F2B14430000495BAD /* Release */ = {
			isa = XCBuildConfiguration;
			buildSettings = {
				ASSETCATALOG_COMPILER_APPICON_NAME = AppIcon;
				ASSETCATALOG_COMPILER_GLOBAL_ACCENT_COLOR_NAME = AccentColor;
				CODE_SIGN_STYLE = Automatic;
				CURRENT_PROJECT_VERSION = 1;
				DEVELOPMENT_ASSET_PATHS = "\"Meditation/Preview Content\"";
				DEVELOPMENT_TEAM = BCGN9M6LM3;
				ENABLE_PREVIEWS = YES;
				GENERATE_INFOPLIST_FILE = YES;
				INFOPLIST_FILE = Meditation/Info.plist;
				INFOPLIST_KEY_UIApplicationSceneManifest_Generation = YES;
				INFOPLIST_KEY_UIApplicationSupportsIndirectInputEvents = YES;
				INFOPLIST_KEY_UILaunchScreen_Generation = YES;
				INFOPLIST_KEY_UISupportedInterfaceOrientations_iPad = "UIInterfaceOrientationPortrait UIInterfaceOrientationPortraitUpsideDown UIInterfaceOrientationLandscapeLeft UIInterfaceOrientationLandscapeRight";
				INFOPLIST_KEY_UISupportedInterfaceOrientations_iPhone = "UIInterfaceOrientationPortrait UIInterfaceOrientationLandscapeLeft UIInterfaceOrientationLandscapeRight";
				IPHONEOS_DEPLOYMENT_TARGET = 16.0;
				LD_RUNPATH_SEARCH_PATHS = (
					"$(inherited)",
					"@executable_path/Frameworks",
				);
				MARKETING_VERSION = 1.0;
				PRODUCT_BUNDLE_IDENTIFIER = com.thaolyngo.Meditation;
				PRODUCT_NAME = "$(TARGET_NAME)";
				SWIFT_EMIT_LOC_STRINGS = YES;
				SWIFT_VERSION = 5.0;
				TARGETED_DEVICE_FAMILY = "1,2";
			};
			name = Release;
		};
/* End XCBuildConfiguration section */

/* Begin XCConfigurationList section */
		097A2A0A2B1442FE00495BAD /* Build configuration list for PBXProject "Meditation" */ = {
			isa = XCConfigurationList;
			buildConfigurations = (
				097A2A1B2B14430000495BAD /* Debug */,
				097A2A1C2B14430000495BAD /* Release */,
			);
			defaultConfigurationIsVisible = 0;
			defaultConfigurationName = Release;
		};
		097A2A1D2B14430000495BAD /* Build configuration list for PBXNativeTarget "Meditation" */ = {
			isa = XCConfigurationList;
			buildConfigurations = (
				097A2A1E2B14430000495BAD /* Debug */,
				097A2A1F2B14430000495BAD /* Release */,
			);
			defaultConfigurationIsVisible = 0;
			defaultConfigurationName = Release;
		};
/* End XCConfigurationList section */
	};
	rootObject = 097A2A072B1442FE00495BAD /* Project object */;
}
